
Microsoft Visual Studio Solution File, Format Version 12.00
# Visual Studio Version 17
VisualStudioVersion = 17.11.35327.3
MinimumVisualStudioVersion = 10.0.40219.1
Project("{9A19103F-16F7-4668-BE54-9A1E7A4F7556}") = "Launcher", "Launcher\Launcher.csproj", "{A62B3E58-1D13-4BDC-AC51-58A29586A6D3}"
EndProject
Global
	GlobalSection(SolutionConfigurationPlatforms) = preSolution
		Debug|Any CPU = Debug|Any CPU
		Release|Any CPU = Release|Any CPU
	EndGlobalSection
	GlobalSection(ProjectConfigurationPlatforms) = postSolution
		{A62B3E58-1D13-4BDC-AC51-58A29586A6D3}.Debug|Any CPU.ActiveCfg = Debug|Any CPU
		{A62B3E58-1D13-4BDC-AC51-58A29586A6D3}.Debug|Any CPU.Build.0 = Debug|Any CPU
		{A62B3E58-1D13-4BDC-AC51-58A29586A6D3}.Release|Any CPU.ActiveCfg = Release|Any CPU
		{A62B3E58-1D13-4BDC-AC51-58A29586A6D3}.Release|Any CPU.Build.0 = Release|Any CPU
	EndGlobalSection
	GlobalSection(SolutionProperties) = preSolution
		HideSolutionNode = FALSE
	EndGlobalSection
	GlobalSection(ExtensibilityGlobals) = postSolution
		SolutionGuid = {E7438941-7DF7-4804-BEB5-954C3B51AF18}
	EndGlobalSection
EndGlobal
